
Microsoft Visual Studio Solution File, Format Version 12.00
Project("{FAE04EC0-301F-11D3-BF4B-00C04F79EFBC}") = "PidgeonRenderFarmCommon", "PidgeonRenderFarmCommon\PidgeonRenderFarmCommon.csproj", "{2E293D52-5BB1-4B8F-9F32-90D6FEFFCC56}"
EndProject
Project("{FAE04EC0-301F-11D3-BF4B-00C04F79EFBC}") = "PidgeonRenderFarmServer", "PidgeonRenderFarmServer\PidgeonRenderFarmServer.csproj", "{A404AA1B-4F5F-4DA6-9456-3F13F9CFAD4D}"
EndProject
Project("{FAE04EC0-301F-11D3-BF4B-00C04F79EFBC}") = "PidgeonRenderFarmNode", "PidgeonRenderFarmNode\PidgeonRenderFarmNode.csproj", "{6F3CD571-CC37-4112-8EBE-2C906F7C9393}"
EndProject
Project("{FAE04EC0-301F-11D3-BF4B-00C04F79EFBC}") = "PidgeonRenderFarmTest", "PidgeonRenderFarmTest\PidgeonRenderFarmTest.csproj", "{456A67A6-FA90-406A-A0BB-A4472781A9C6}"
EndProject
Global
	GlobalSection(SolutionConfigurationPlatforms) = preSolution
		Debug|Any CPU = Debug|Any CPU
		Release|Any CPU = Release|Any CPU
	EndGlobalSection
	GlobalSection(ProjectConfigurationPlatforms) = postSolution
		{2E293D52-5BB1-4B8F-9F32-90D6FEFFCC56}.Debug|Any CPU.ActiveCfg = Debug|Any CPU
		{2E293D52-5BB1-4B8F-9F32-90D6FEFFCC56}.Debug|Any CPU.Build.0 = Debug|Any CPU
		{2E293D52-5BB1-4B8F-9F32-90D6FEFFCC56}.Release|Any CPU.ActiveCfg = Release|Any CPU
		{2E293D52-5BB1-4B8F-9F32-90D6FEFFCC56}.Release|Any CPU.Build.0 = Release|Any CPU
		{A404AA1B-4F5F-4DA6-9456-3F13F9CFAD4D}.Debug|Any CPU.ActiveCfg = Debug|Any CPU
		{A404AA1B-4F5F-4DA6-9456-3F13F9CFAD4D}.Debug|Any CPU.Build.0 = Debug|Any CPU
		{A404AA1B-4F5F-4DA6-9456-3F13F9CFAD4D}.Release|Any CPU.ActiveCfg = Release|Any CPU
		{A404AA1B-4F5F-4DA6-9456-3F13F9CFAD4D}.Release|Any CPU.Build.0 = Release|Any CPU
		{6F3CD571-CC37-4112-8EBE-2C906F7C9393}.Debug|Any CPU.ActiveCfg = Debug|Any CPU
		{6F3CD571-CC37-4112-8EBE-2C906F7C9393}.Debug|Any CPU.Build.0 = Debug|Any CPU
		{6F3CD571-CC37-4112-8EBE-2C906F7C9393}.Release|Any CPU.ActiveCfg = Release|Any CPU
		{6F3CD571-CC37-4112-8EBE-2C906F7C9393}.Release|Any CPU.Build.0 = Release|Any CPU
		{456A67A6-FA90-406A-A0BB-A4472781A9C6}.Debug|Any CPU.ActiveCfg = Debug|Any CPU
		{456A67A6-FA90-406A-A0BB-A4472781A9C6}.Debug|Any CPU.Build.0 = Debug|Any CPU
		{456A67A6-FA90-406A-A0BB-A4472781A9C6}.Release|Any CPU.ActiveCfg = Release|Any CPU
		{456A67A6-FA90-406A-A0BB-A4472781A9C6}.Release|Any CPU.Build.0 = Release|Any CPU
	EndGlobalSection
EndGlobal
